
Microsoft Visual Studio Solution File, Format Version 12.00
# Blend for Visual Studio Version 17
VisualStudioVersion = 17.1.32414.318
MinimumVisualStudioVersion = 10.0.40219.1
Project("{9A19103F-16F7-4668-BE54-9A1E7A4F7556}") = "ArenaSportsApi", "ArenaSportsApi.csproj", "{102F98FA-5D75-4453-A03A-594911FAF138}"
EndProject
Global
	GlobalSection(SolutionConfigurationPlatforms) = preSolution
		Debug|Any CPU = Debug|Any CPU
		Release|Any CPU = Release|Any CPU
	EndGlobalSection
	GlobalSection(ProjectConfigurationPlatforms) = postSolution
		{102F98FA-5D75-4453-A03A-594911FAF138}.Debug|Any CPU.ActiveCfg = Debug|Any CPU
		{102F98FA-5D75-4453-A03A-594911FAF138}.Debug|Any CPU.Build.0 = Debug|Any CPU
		{102F98FA-5D75-4453-A03A-594911FAF138}.Release|Any CPU.ActiveCfg = Release|Any CPU
		{102F98FA-5D75-4453-A03A-594911FAF138}.Release|Any CPU.Build.0 = Release|Any CPU
	EndGlobalSection
	GlobalSection(SolutionProperties) = preSolution
		HideSolutionNode = FALSE
	EndGlobalSection
	GlobalSection(ExtensibilityGlobals) = postSolution
		SolutionGuid = {FDEF61A3-C88F-4583-9078-78861A873E21}
	EndGlobalSection
EndGlobal
